
Microsoft Visual Studio Solution File, Format Version 12.00
# Visual Studio Version 17
VisualStudioVersion = 17.5.002.0
MinimumVisualStudioVersion = 10.0.40219.1
Project("{9A19103F-16F7-4668-BE54-9A1E7A4F7556}") = "GP.MartenIdentity", "GP.MartenIdentity\GP.MartenIdentity.csproj", "{80223F41-1BAB-4EF6-821C-4C03475AD6C1}"
EndProject
Project("{F2A71F9B-5D33-465A-A702-920D77279786}") = "GP.IdentityEndpoints", "GP.IdentityEndpoints\GP.IdentityEndpoints.fsproj", "{856FC2C4-7961-4909-AC6F-6819CCE99A42}"
EndProject
Global
	GlobalSection(SolutionConfigurationPlatforms) = preSolution
		Debug|Any CPU = Debug|Any CPU
		Release|Any CPU = Release|Any CPU
	EndGlobalSection
	GlobalSection(ProjectConfigurationPlatforms) = postSolution
		{80223F41-1BAB-4EF6-821C-4C03475AD6C1}.Debug|Any CPU.ActiveCfg = Debug|Any CPU
		{80223F41-1BAB-4EF6-821C-4C03475AD6C1}.Debug|Any CPU.Build.0 = Debug|Any CPU
		{80223F41-1BAB-4EF6-821C-4C03475AD6C1}.Release|Any CPU.ActiveCfg = Release|Any CPU
		{80223F41-1BAB-4EF6-821C-4C03475AD6C1}.Release|Any CPU.Build.0 = Release|Any CPU
		{856FC2C4-7961-4909-AC6F-6819CCE99A42}.Debug|Any CPU.ActiveCfg = Debug|Any CPU
		{856FC2C4-7961-4909-AC6F-6819CCE99A42}.Debug|Any CPU.Build.0 = Debug|Any CPU
		{856FC2C4-7961-4909-AC6F-6819CCE99A42}.Release|Any CPU.ActiveCfg = Release|Any CPU
		{856FC2C4-7961-4909-AC6F-6819CCE99A42}.Release|Any CPU.Build.0 = Release|Any CPU
	EndGlobalSection
	GlobalSection(SolutionProperties) = preSolution
		HideSolutionNode = FALSE
	EndGlobalSection
	GlobalSection(ExtensibilityGlobals) = postSolution
		SolutionGuid = {7DC0368B-D574-4D86-AA80-BF89BFBDF52D}
	EndGlobalSection
EndGlobal
